
Microsoft Visual Studio Solution File, Format Version 12.00
# Visual Studio Version 17
VisualStudioVersion = 17.5.33530.505
MinimumVisualStudioVersion = 10.0.40219.1
Project("{FAE04EC0-301F-11D3-BF4B-00C04F79EFBC}") = "practical task 7.1", "practical task 7\practical task 7.1.csproj", "{8FAB2092-97FB-427B-976F-B4137143BBB6}"
EndProject
Global
	GlobalSection(SolutionConfigurationPlatforms) = preSolution
		Debug|Any CPU = Debug|Any CPU
		Release|Any CPU = Release|Any CPU
	EndGlobalSection
	GlobalSection(ProjectConfigurationPlatforms) = postSolution
		{8FAB2092-97FB-427B-976F-B4137143BBB6}.Debug|Any CPU.ActiveCfg = Debug|Any CPU
		{8FAB2092-97FB-427B-976F-B4137143BBB6}.Debug|Any CPU.Build.0 = Debug|Any CPU
		{8FAB2092-97FB-427B-976F-B4137143BBB6}.Release|Any CPU.ActiveCfg = Release|Any CPU
		{8FAB2092-97FB-427B-976F-B4137143BBB6}.Release|Any CPU.Build.0 = Release|Any CPU
	EndGlobalSection
	GlobalSection(SolutionProperties) = preSolution
		HideSolutionNode = FALSE
	EndGlobalSection
	GlobalSection(ExtensibilityGlobals) = postSolution
		SolutionGuid = {BC6EE1B6-4569-4285-9B79-43BF24C98359}
	EndGlobalSection
EndGlobal
